
Microsoft Visual Studio Solution File, Format Version 12.00
# Visual Studio Version 17
VisualStudioVersion = 17.8.34408.163
MinimumVisualStudioVersion = 10.0.40219.1
Project("{9A19103F-16F7-4668-BE54-9A1E7A4F7556}") = "StockData.Worker", "StockData.Worker\StockData.Worker.csproj", "{70B691BF-8068-4331-BBF9-FC81BCA02C92}"
EndProject
Project("{FAE04EC0-301F-11D3-BF4B-00C04F79EFBC}") = "StockData.Domain", "StockData.Domain\StockData.Domain.csproj", "{3D64DF5F-631B-4D82-AF19-1744135627BD}"
EndProject
Project("{FAE04EC0-301F-11D3-BF4B-00C04F79EFBC}") = "StockData.Infrastructure", "StockData.Infrastructure\StockData.Infrastructure.csproj", "{C7B8096D-7B25-417C-A52F-88C8D71C334F}"
EndProject
Project("{FAE04EC0-301F-11D3-BF4B-00C04F79EFBC}") = "StockData.Application", "StockData.Application\StockData.Application.csproj", "{EE0FB316-85EF-40FB-970B-2078C2644C51}"
EndProject
Global
	GlobalSection(SolutionConfigurationPlatforms) = preSolution
		Debug|Any CPU = Debug|Any CPU
		Release|Any CPU = Release|Any CPU
	EndGlobalSection
	GlobalSection(ProjectConfigurationPlatforms) = postSolution
		{70B691BF-8068-4331-BBF9-FC81BCA02C92}.Debug|Any CPU.ActiveCfg = Debug|Any CPU
		{70B691BF-8068-4331-BBF9-FC81BCA02C92}.Debug|Any CPU.Build.0 = Debug|Any CPU
		{70B691BF-8068-4331-BBF9-FC81BCA02C92}.Release|Any CPU.ActiveCfg = Release|Any CPU
		{70B691BF-8068-4331-BBF9-FC81BCA02C92}.Release|Any CPU.Build.0 = Release|Any CPU
		{3D64DF5F-631B-4D82-AF19-1744135627BD}.Debug|Any CPU.ActiveCfg = Debug|Any CPU
		{3D64DF5F-631B-4D82-AF19-1744135627BD}.Debug|Any CPU.Build.0 = Debug|Any CPU
		{3D64DF5F-631B-4D82-AF19-1744135627BD}.Release|Any CPU.ActiveCfg = Release|Any CPU
		{3D64DF5F-631B-4D82-AF19-1744135627BD}.Release|Any CPU.Build.0 = Release|Any CPU
		{C7B8096D-7B25-417C-A52F-88C8D71C334F}.Debug|Any CPU.ActiveCfg = Debug|Any CPU
		{C7B8096D-7B25-417C-A52F-88C8D71C334F}.Debug|Any CPU.Build.0 = Debug|Any CPU
		{C7B8096D-7B25-417C-A52F-88C8D71C334F}.Release|Any CPU.ActiveCfg = Release|Any CPU
		{C7B8096D-7B25-417C-A52F-88C8D71C334F}.Release|Any CPU.Build.0 = Release|Any CPU
		{EE0FB316-85EF-40FB-970B-2078C2644C51}.Debug|Any CPU.ActiveCfg = Debug|Any CPU
		{EE0FB316-85EF-40FB-970B-2078C2644C51}.Debug|Any CPU.Build.0 = Debug|Any CPU
		{EE0FB316-85EF-40FB-970B-2078C2644C51}.Release|Any CPU.ActiveCfg = Release|Any CPU
		{EE0FB316-85EF-40FB-970B-2078C2644C51}.Release|Any CPU.Build.0 = Release|Any CPU
	EndGlobalSection
	GlobalSection(SolutionProperties) = preSolution
		HideSolutionNode = FALSE
	EndGlobalSection
	GlobalSection(ExtensibilityGlobals) = postSolution
		SolutionGuid = {890AF9DE-6549-4C40-8732-13827D1274CF}
	EndGlobalSection
EndGlobal
