
Microsoft Visual Studio Solution File, Format Version 12.00
# Visual Studio Version 17
VisualStudioVersion = 17.4.33205.214
MinimumVisualStudioVersion = 10.0.40219.1
Project("{9A19103F-16F7-4668-BE54-9A1E7A4F7556}") = "Exam1.Web", "Exam1.Web\Exam1.Web.csproj", "{369E69A5-65B1-4650-A53D-3A2D5DED5BD1}"
EndProject
Project("{FAE04EC0-301F-11D3-BF4B-00C04F79EFBC}") = "Exam1.Domain", "Exam1.Domain\Exam1.Domain.csproj", "{64AEB67B-C672-4BB1-8B4A-050E6EA30F57}"
EndProject
Project("{FAE04EC0-301F-11D3-BF4B-00C04F79EFBC}") = "Exam1.Application", "Exam1.Application\Exam1.Application.csproj", "{F2AFE5EC-A2F0-4A14-80AD-F973CC35D42C}"
EndProject
Project("{FAE04EC0-301F-11D3-BF4B-00C04F79EFBC}") = "Exam1.Infrastructure", "Exam1.Infrastructure\Exam1.Infrastructure.csproj", "{700C97FD-6597-4A94-B4E6-2563A57AF7BC}"
EndProject
Global
	GlobalSection(SolutionConfigurationPlatforms) = preSolution
		Debug|Any CPU = Debug|Any CPU
		Release|Any CPU = Release|Any CPU
	EndGlobalSection
	GlobalSection(ProjectConfigurationPlatforms) = postSolution
		{369E69A5-65B1-4650-A53D-3A2D5DED5BD1}.Debug|Any CPU.ActiveCfg = Debug|Any CPU
		{369E69A5-65B1-4650-A53D-3A2D5DED5BD1}.Debug|Any CPU.Build.0 = Debug|Any CPU
		{369E69A5-65B1-4650-A53D-3A2D5DED5BD1}.Release|Any CPU.ActiveCfg = Release|Any CPU
		{369E69A5-65B1-4650-A53D-3A2D5DED5BD1}.Release|Any CPU.Build.0 = Release|Any CPU
		{64AEB67B-C672-4BB1-8B4A-050E6EA30F57}.Debug|Any CPU.ActiveCfg = Debug|Any CPU
		{64AEB67B-C672-4BB1-8B4A-050E6EA30F57}.Debug|Any CPU.Build.0 = Debug|Any CPU
		{64AEB67B-C672-4BB1-8B4A-050E6EA30F57}.Release|Any CPU.ActiveCfg = Release|Any CPU
		{64AEB67B-C672-4BB1-8B4A-050E6EA30F57}.Release|Any CPU.Build.0 = Release|Any CPU
		{F2AFE5EC-A2F0-4A14-80AD-F973CC35D42C}.Debug|Any CPU.ActiveCfg = Debug|Any CPU
		{F2AFE5EC-A2F0-4A14-80AD-F973CC35D42C}.Debug|Any CPU.Build.0 = Debug|Any CPU
		{F2AFE5EC-A2F0-4A14-80AD-F973CC35D42C}.Release|Any CPU.ActiveCfg = Release|Any CPU
		{F2AFE5EC-A2F0-4A14-80AD-F973CC35D42C}.Release|Any CPU.Build.0 = Release|Any CPU
		{700C97FD-6597-4A94-B4E6-2563A57AF7BC}.Debug|Any CPU.ActiveCfg = Debug|Any CPU
		{700C97FD-6597-4A94-B4E6-2563A57AF7BC}.Debug|Any CPU.Build.0 = Debug|Any CPU
		{700C97FD-6597-4A94-B4E6-2563A57AF7BC}.Release|Any CPU.ActiveCfg = Release|Any CPU
		{700C97FD-6597-4A94-B4E6-2563A57AF7BC}.Release|Any CPU.Build.0 = Release|Any CPU
	EndGlobalSection
	GlobalSection(SolutionProperties) = preSolution
		HideSolutionNode = FALSE
	EndGlobalSection
	GlobalSection(ExtensibilityGlobals) = postSolution
		SolutionGuid = {F228AAC9-F164-4746-988C-21BAF7F9ABA6}
	EndGlobalSection
EndGlobal
