
Microsoft Visual Studio Solution File, Format Version 12.00
# Visual Studio Version 17
VisualStudioVersion = 17.9.34701.34
MinimumVisualStudioVersion = 10.0.40219.1
Project("{FAE04EC0-301F-11D3-BF4B-00C04F79EFBC}") = "JWTtokenExample.Api", "JWTtokenExample.Api\JWTtokenExample.Api.csproj", "{61DE64E3-A408-4B97-968C-212F141C5C1C}"
EndProject
Project("{FAE04EC0-301F-11D3-BF4B-00C04F79EFBC}") = "JWTtokenExample.Application", "JWTtokenExample.Application\JWTtokenExample.Application.csproj", "{F3136F2E-00A1-4540-AAC2-FC4351132CD9}"
EndProject
Project("{FAE04EC0-301F-11D3-BF4B-00C04F79EFBC}") = "JWTtokenExample.Infrastructure", "JWTtokenExample.Infrastructure\JWTtokenExample.Infrastructure.csproj", "{13E2F3BC-E371-47DC-8B9E-C55C37C06ACB}"
EndProject
Global
	GlobalSection(SolutionConfigurationPlatforms) = preSolution
		Debug|Any CPU = Debug|Any CPU
		Release|Any CPU = Release|Any CPU
	EndGlobalSection
	GlobalSection(ProjectConfigurationPlatforms) = postSolution
		{61DE64E3-A408-4B97-968C-212F141C5C1C}.Debug|Any CPU.ActiveCfg = Debug|Any CPU
		{61DE64E3-A408-4B97-968C-212F141C5C1C}.Debug|Any CPU.Build.0 = Debug|Any CPU
		{61DE64E3-A408-4B97-968C-212F141C5C1C}.Release|Any CPU.ActiveCfg = Release|Any CPU
		{61DE64E3-A408-4B97-968C-212F141C5C1C}.Release|Any CPU.Build.0 = Release|Any CPU
		{F3136F2E-00A1-4540-AAC2-FC4351132CD9}.Debug|Any CPU.ActiveCfg = Debug|Any CPU
		{F3136F2E-00A1-4540-AAC2-FC4351132CD9}.Debug|Any CPU.Build.0 = Debug|Any CPU
		{F3136F2E-00A1-4540-AAC2-FC4351132CD9}.Release|Any CPU.ActiveCfg = Release|Any CPU
		{F3136F2E-00A1-4540-AAC2-FC4351132CD9}.Release|Any CPU.Build.0 = Release|Any CPU
		{13E2F3BC-E371-47DC-8B9E-C55C37C06ACB}.Debug|Any CPU.ActiveCfg = Debug|Any CPU
		{13E2F3BC-E371-47DC-8B9E-C55C37C06ACB}.Debug|Any CPU.Build.0 = Debug|Any CPU
		{13E2F3BC-E371-47DC-8B9E-C55C37C06ACB}.Release|Any CPU.ActiveCfg = Release|Any CPU
		{13E2F3BC-E371-47DC-8B9E-C55C37C06ACB}.Release|Any CPU.Build.0 = Release|Any CPU
	EndGlobalSection
	GlobalSection(SolutionProperties) = preSolution
		HideSolutionNode = FALSE
	EndGlobalSection
	GlobalSection(ExtensibilityGlobals) = postSolution
		SolutionGuid = {3471EFA2-9E03-4D36-BC3B-BE5DF8694062}
	EndGlobalSection
EndGlobal
