
Microsoft Visual Studio Solution File, Format Version 12.00
# Visual Studio Version 17
VisualStudioVersion = 17.7.34202.233
MinimumVisualStudioVersion = 10.0.40219.1
Project("{FAE04EC0-301F-11D3-BF4B-00C04F79EFBC}") = "WebApplication2", "WebApplication2\WebApplication2.csproj", "{ACCD0ED4-B6CE-4E45-AFB9-8725AF3F22E9}"
EndProject
Global
	GlobalSection(SolutionConfigurationPlatforms) = preSolution
		Debug|Any CPU = Debug|Any CPU
		Release|Any CPU = Release|Any CPU
	EndGlobalSection
	GlobalSection(ProjectConfigurationPlatforms) = postSolution
		{ACCD0ED4-B6CE-4E45-AFB9-8725AF3F22E9}.Debug|Any CPU.ActiveCfg = Debug|Any CPU
		{ACCD0ED4-B6CE-4E45-AFB9-8725AF3F22E9}.Debug|Any CPU.Build.0 = Debug|Any CPU
		{ACCD0ED4-B6CE-4E45-AFB9-8725AF3F22E9}.Release|Any CPU.ActiveCfg = Release|Any CPU
		{ACCD0ED4-B6CE-4E45-AFB9-8725AF3F22E9}.Release|Any CPU.Build.0 = Release|Any CPU
	EndGlobalSection
	GlobalSection(SolutionProperties) = preSolution
		HideSolutionNode = FALSE
	EndGlobalSection
	GlobalSection(ExtensibilityGlobals) = postSolution
		SolutionGuid = {75AFA622-62FD-4250-AE32-A78B4988D009}
	EndGlobalSection
EndGlobal
