
Microsoft Visual Studio Solution File, Format Version 12.00
# Visual Studio Version 17
VisualStudioVersion = 17.8.34408.163
MinimumVisualStudioVersion = 10.0.40219.1
Project("{FAE04EC0-301F-11D3-BF4B-00C04F79EFBC}") = "SamuraiEBook_Store.Api", "SamuraiEBook_Store.Api\SamuraiEBook_Store.Api.csproj", "{0EC0CC09-E522-4FA4-8085-68371469E032}"
EndProject
Project("{FAE04EC0-301F-11D3-BF4B-00C04F79EFBC}") = "SamuraiEBook_Store.Domain", "SamuraiEBook_Store.Domain\SamuraiEBook_Store.Domain.csproj", "{A529AF4B-11B7-4896-B0BD-7FBC9FB68E35}"
EndProject
Project("{FAE04EC0-301F-11D3-BF4B-00C04F79EFBC}") = "SamuraiEBook_Store.Application", "SamuraiEBook_Store.Application\SamuraiEBook_Store.Application.csproj", "{6B644B89-0A17-4EB6-87B9-AF2D20B35E0D}"
EndProject
Global
	GlobalSection(SolutionConfigurationPlatforms) = preSolution
		Debug|Any CPU = Debug|Any CPU
		Release|Any CPU = Release|Any CPU
	EndGlobalSection
	GlobalSection(ProjectConfigurationPlatforms) = postSolution
		{0EC0CC09-E522-4FA4-8085-68371469E032}.Debug|Any CPU.ActiveCfg = Debug|Any CPU
		{0EC0CC09-E522-4FA4-8085-68371469E032}.Debug|Any CPU.Build.0 = Debug|Any CPU
		{0EC0CC09-E522-4FA4-8085-68371469E032}.Release|Any CPU.ActiveCfg = Release|Any CPU
		{0EC0CC09-E522-4FA4-8085-68371469E032}.Release|Any CPU.Build.0 = Release|Any CPU
		{A529AF4B-11B7-4896-B0BD-7FBC9FB68E35}.Debug|Any CPU.ActiveCfg = Debug|Any CPU
		{A529AF4B-11B7-4896-B0BD-7FBC9FB68E35}.Debug|Any CPU.Build.0 = Debug|Any CPU
		{A529AF4B-11B7-4896-B0BD-7FBC9FB68E35}.Release|Any CPU.ActiveCfg = Release|Any CPU
		{A529AF4B-11B7-4896-B0BD-7FBC9FB68E35}.Release|Any CPU.Build.0 = Release|Any CPU
		{6B644B89-0A17-4EB6-87B9-AF2D20B35E0D}.Debug|Any CPU.ActiveCfg = Debug|Any CPU
		{6B644B89-0A17-4EB6-87B9-AF2D20B35E0D}.Debug|Any CPU.Build.0 = Debug|Any CPU
		{6B644B89-0A17-4EB6-87B9-AF2D20B35E0D}.Release|Any CPU.ActiveCfg = Release|Any CPU
		{6B644B89-0A17-4EB6-87B9-AF2D20B35E0D}.Release|Any CPU.Build.0 = Release|Any CPU
	EndGlobalSection
	GlobalSection(SolutionProperties) = preSolution
		HideSolutionNode = FALSE
	EndGlobalSection
	GlobalSection(ExtensibilityGlobals) = postSolution
		SolutionGuid = {137E1DC4-5A73-457F-BE9E-09CA3D6DFAB0}
	EndGlobalSection
EndGlobal
